PODS:
  - Capacitor (7.0.0):
    - CapacitorCordova
  - CapacitorCordova (7.0.0)
  - CapacitorLocalNotifications (7.0.0):
    - Capacitor
  - CapgoBackgroundGeolocation (0.0.1):
    - Capacitor

DEPENDENCIES:
  - "Capacitor (from `../../node_modules/@capacitor/ios`)"
  - "CapacitorCordova (from `../../node_modules/@capacitor/ios`)"
  - "CapacitorLocalNotifications (from `../../node_modules/@capacitor/local-notifications`)"
  - CapgoBackgroundGeolocation (from `../../..`)

EXTERNAL SOURCES:
  Capacitor:
    :path: "../../node_modules/@capacitor/ios"
  CapacitorCordova:
    :path: "../../node_modules/@capacitor/ios"
  CapacitorLocalNotifications:
    :path: "../../node_modules/@capacitor/local-notifications"
  CapgoBackgroundGeolocation:
    :path: "../../.."

SPEC CHECKSUMS:
  Capacitor: fcbee427ff437f414bbb3bc2d39364ad9bd2b8a5
  CapacitorCordova: 345f93b7edd121db98e4ec20ac94d6d7bcaf7e48
  CapacitorLocalNotifications: 1270d26b56181ce081ccfab078b888c2f43d0fd0
  CapgoBackgroundGeolocation: 9692de8e112b9941c9544a7e6193d79ee8346486

PODFILE CHECKSUM: 587064f58efdfaadeea1d363df99856c7c2bfa73

COCOAPODS: 1.16.2
